
Microsoft Visual Studio Solution File, Format Version 12.00
# Visual Studio Version 17
VisualStudioVersion = 17.6.33829.357
MinimumVisualStudioVersion = 10.0.40219.1
Project("{FAE04EC0-301F-11D3-BF4B-00C04F79EFBC}") = "LMS", "LMS.csproj", "{240BCE16-71B2-45CD-81E2-19884A11F3F0}"
EndProject
Global
	GlobalSection(SolutionConfigurationPlatforms) = preSolution
		Debug|Any CPU = Debug|Any CPU
		Release|Any CPU = Release|Any CPU
	EndGlobalSection
	GlobalSection(ProjectConfigurationPlatforms) = postSolution
		{240BCE16-71B2-45CD-81E2-19884A11F3F0}.Debug|Any CPU.ActiveCfg = Debug|Any CPU
		{240BCE16-71B2-45CD-81E2-19884A11F3F0}.Debug|Any CPU.Build.0 = Debug|Any CPU
		{240BCE16-71B2-45CD-81E2-19884A11F3F0}.Release|Any CPU.ActiveCfg = Release|Any CPU
		{240BCE16-71B2-45CD-81E2-19884A11F3F0}.Release|Any CPU.Build.0 = Release|Any CPU
	EndGlobalSection
	GlobalSection(SolutionProperties) = preSolution
		HideSolutionNode = FALSE
	EndGlobalSection
	GlobalSection(ExtensibilityGlobals) = postSolution
		SolutionGuid = {B36F1118-1101-42D9-95B1-36A7F24A796D}
	EndGlobalSection
EndGlobal
